
Microsoft Visual Studio Solution File, Format Version 11.00
# Visual Studio 2010
Project("{FAE04EC0-301F-11D3-BF4B-00C04F79EFBC}") = "ConToJREts", "ConToJREts.csproj", "{565DCF9D-7790-4579-A14B-6826993F90E6}"
EndProject
Global
	GlobalSection(SolutionConfigurationPlatforms) = preSolution
		Debug|Any CPU = Debug|Any CPU
		Release|Any CPU = Release|Any CPU
	EndGlobalSection
	GlobalSection(ProjectConfigurationPlatforms) = postSolution
		{565DCF9D-7790-4579-A14B-6826993F90E6}.Debug|Any CPU.ActiveCfg = Debug|Any CPU
		{565DCF9D-7790-4579-A14B-6826993F90E6}.Debug|Any CPU.Build.0 = Debug|Any CPU
		{565DCF9D-7790-4579-A14B-6826993F90E6}.Release|Any CPU.ActiveCfg = Release|Any CPU
		{565DCF9D-7790-4579-A14B-6826993F90E6}.Release|Any CPU.Build.0 = Release|Any CPU
	EndGlobalSection
	GlobalSection(SolutionProperties) = preSolution
		HideSolutionNode = FALSE
	EndGlobalSection
EndGlobal
